
Microsoft Visual Studio Solution File, Format Version 12.00
# Visual Studio Version 17
VisualStudioVersion = 17.7.34024.191
MinimumVisualStudioVersion = 10.0.40219.1
Project("{FAE04EC0-301F-11D3-BF4B-00C04F79EFBC}") = "ConsoleApp1", "ConsoleApp1\ConsoleApp1.csproj", "{3B3C4369-A762-4C33-B65C-110DC8C721CA}"
EndProject
Project("{FAE04EC0-301F-11D3-BF4B-00C04F79EFBC}") = "schumacher", "schumacher\schumacher.csproj", "{0B0FE99D-1A6E-4878-BC39-CCBDE0C1D616}"
EndProject
Project("{FAE04EC0-301F-11D3-BF4B-00C04F79EFBC}") = "Berek_2020", "Berek_2020\Berek_2020.csproj", "{23B8D76B-D89A-46CD-847D-13E8D485C79F}"
EndProject
Project("{FAE04EC0-301F-11D3-BF4B-00C04F79EFBC}") = "hidegburkolo", "hidegburkolo\hidegburkolo.csproj", "{CEFD1BC2-804C-41EF-8DE9-3180AEC4122C}"
EndProject
Project("{FAE04EC0-301F-11D3-BF4B-00C04F79EFBC}") = "OOP", "OOP\OOP.csproj", "{C6B2624D-862D-49C3-8D65-9CCA46E3737E}"
EndProject
Project("{FAE04EC0-301F-11D3-BF4B-00C04F79EFBC}") = "WindowsFormPizza", "WindowsFormPizza\WindowsFormPizza.csproj", "{5991B705-7E5C-46BA-A593-2F00E1FCD2D2}"
EndProject
Global
	GlobalSection(SolutionConfigurationPlatforms) = preSolution
		Debug|Any CPU = Debug|Any CPU
		Release|Any CPU = Release|Any CPU
	EndGlobalSection
	GlobalSection(ProjectConfigurationPlatforms) = postSolution
		{3B3C4369-A762-4C33-B65C-110DC8C721CA}.Debug|Any CPU.ActiveCfg = Debug|Any CPU
		{3B3C4369-A762-4C33-B65C-110DC8C721CA}.Debug|Any CPU.Build.0 = Debug|Any CPU
		{3B3C4369-A762-4C33-B65C-110DC8C721CA}.Release|Any CPU.ActiveCfg = Release|Any CPU
		{3B3C4369-A762-4C33-B65C-110DC8C721CA}.Release|Any CPU.Build.0 = Release|Any CPU
		{0B0FE99D-1A6E-4878-BC39-CCBDE0C1D616}.Debug|Any CPU.ActiveCfg = Debug|Any CPU
		{0B0FE99D-1A6E-4878-BC39-CCBDE0C1D616}.Debug|Any CPU.Build.0 = Debug|Any CPU
		{0B0FE99D-1A6E-4878-BC39-CCBDE0C1D616}.Release|Any CPU.ActiveCfg = Release|Any CPU
		{0B0FE99D-1A6E-4878-BC39-CCBDE0C1D616}.Release|Any CPU.Build.0 = Release|Any CPU
		{23B8D76B-D89A-46CD-847D-13E8D485C79F}.Debug|Any CPU.ActiveCfg = Debug|Any CPU
		{23B8D76B-D89A-46CD-847D-13E8D485C79F}.Debug|Any CPU.Build.0 = Debug|Any CPU
		{23B8D76B-D89A-46CD-847D-13E8D485C79F}.Release|Any CPU.ActiveCfg = Release|Any CPU
		{23B8D76B-D89A-46CD-847D-13E8D485C79F}.Release|Any CPU.Build.0 = Release|Any CPU
		{CEFD1BC2-804C-41EF-8DE9-3180AEC4122C}.Debug|Any CPU.ActiveCfg = Debug|Any CPU
		{CEFD1BC2-804C-41EF-8DE9-3180AEC4122C}.Debug|Any CPU.Build.0 = Debug|Any CPU
		{CEFD1BC2-804C-41EF-8DE9-3180AEC4122C}.Release|Any CPU.ActiveCfg = Release|Any CPU
		{CEFD1BC2-804C-41EF-8DE9-3180AEC4122C}.Release|Any CPU.Build.0 = Release|Any CPU
		{C6B2624D-862D-49C3-8D65-9CCA46E3737E}.Debug|Any CPU.ActiveCfg = Debug|Any CPU
		{C6B2624D-862D-49C3-8D65-9CCA46E3737E}.Debug|Any CPU.Build.0 = Debug|Any CPU
		{C6B2624D-862D-49C3-8D65-9CCA46E3737E}.Release|Any CPU.ActiveCfg = Release|Any CPU
		{C6B2624D-862D-49C3-8D65-9CCA46E3737E}.Release|Any CPU.Build.0 = Release|Any CPU
		{5991B705-7E5C-46BA-A593-2F00E1FCD2D2}.Debug|Any CPU.ActiveCfg = Debug|Any CPU
		{5991B705-7E5C-46BA-A593-2F00E1FCD2D2}.Debug|Any CPU.Build.0 = Debug|Any CPU
		{5991B705-7E5C-46BA-A593-2F00E1FCD2D2}.Release|Any CPU.ActiveCfg = Release|Any CPU
		{5991B705-7E5C-46BA-A593-2F00E1FCD2D2}.Release|Any CPU.Build.0 = Release|Any CPU
	EndGlobalSection
	GlobalSection(SolutionProperties) = preSolution
		HideSolutionNode = FALSE
	EndGlobalSection
	GlobalSection(ExtensibilityGlobals) = postSolution
		SolutionGuid = {8CF29013-A3AF-469A-B5FB-C13DB992DA06}
	EndGlobalSection
EndGlobal
